
Microsoft Visual Studio Solution File, Format Version 12.00
# Visual Studio 14
VisualStudioVersion = 14.0.24720.0
MinimumVisualStudioVersion = 10.0.40219.1
Project("{2150E333-8FDC-42A3-9474-1A3956D46DE8}") = "App", "App", "{2E9A7F9D-A388-420D-8ACB-D26B5E610A26}"
EndProject
Project("{FAE04EC0-301F-11D3-BF4B-00C04F79EFBC}") = "App.Core", "App\App.Core\App.Core.csproj", "{BE401261-4272-41B4-8121-17674BC6E11E}"
EndProject
Project("{FAE04EC0-301F-11D3-BF4B-00C04F79EFBC}") = "App.Spsls", "App\App.Spsls\App.Spsls.csproj", "{24DDB7BF-F71E-467A-9D93-5B167632C293}"
EndProject
Project("{2150E333-8FDC-42A3-9474-1A3956D46DE8}") = "Test", "Test", "{CF1D9E9E-86D5-4A22-A11C-1C0F8C17C7AB}"
EndProject
Project("{2150E333-8FDC-42A3-9474-1A3956D46DE8}") = "Infrastructure", "Infrastructure", "{9BABFBE8-E394-413F-9313-977B1E861EDA}"
EndProject
Project("{FAE04EC0-301F-11D3-BF4B-00C04F79EFBC}") = "App.Models", "Infrastructure\App.Models\App.Models.csproj", "{6D49DF30-BC63-410A-B7F8-2CC4099060C5}"
EndProject
Project("{FAE04EC0-301F-11D3-BF4B-00C04F79EFBC}") = "App.Common", "Infrastructure\App.Common\App.Common.csproj", "{B4721167-D930-4D8E-AB34-3B8BA39DBC45}"
EndProject
Project("{2150E333-8FDC-42A3-9474-1A3956D46DE8}") = "App", "App", "{4164F78C-6A85-4634-9898-6C62B1C83C42}"
EndProject
Project("{FAE04EC0-301F-11D3-BF4B-00C04F79EFBC}") = "App.Core.Test", "Test\App\App.Core.Test\App.Core.Test.csproj", "{BDC67FA3-0C5B-4FE6-B85C-C1E72B9C19AA}"
EndProject
Project("{FAE04EC0-301F-11D3-BF4B-00C04F79EFBC}") = "App.Spsls.Test", "Test\App\App.Spsls.Test\App.Spsls.Test.csproj", "{35888AF6-EFC3-4664-BD07-D2AA82387CAF}"
EndProject
Global
	GlobalSection(SolutionConfigurationPlatforms) = preSolution
		Debug|Any CPU = Debug|Any CPU
		Debug|ARM = Debug|ARM
		Debug|x64 = Debug|x64
		Debug|x86 = Debug|x86
		Release|Any CPU = Release|Any CPU
		Release|ARM = Release|ARM
		Release|x64 = Release|x64
		Release|x86 = Release|x86
	EndGlobalSection
	GlobalSection(ProjectConfigurationPlatforms) = postSolution
		{BE401261-4272-41B4-8121-17674BC6E11E}.Debug|Any CPU.ActiveCfg = Debug|Any CPU
		{BE401261-4272-41B4-8121-17674BC6E11E}.Debug|Any CPU.Build.0 = Debug|Any CPU
		{BE401261-4272-41B4-8121-17674BC6E11E}.Debug|ARM.ActiveCfg = Debug|Any CPU
		{BE401261-4272-41B4-8121-17674BC6E11E}.Debug|ARM.Build.0 = Debug|Any CPU
		{BE401261-4272-41B4-8121-17674BC6E11E}.Debug|x64.ActiveCfg = Debug|Any CPU
		{BE401261-4272-41B4-8121-17674BC6E11E}.Debug|x64.Build.0 = Debug|Any CPU
		{BE401261-4272-41B4-8121-17674BC6E11E}.Debug|x86.ActiveCfg = Debug|Any CPU
		{BE401261-4272-41B4-8121-17674BC6E11E}.Debug|x86.Build.0 = Debug|Any CPU
		{BE401261-4272-41B4-8121-17674BC6E11E}.Release|Any CPU.ActiveCfg = Release|Any CPU
		{BE401261-4272-41B4-8121-17674BC6E11E}.Release|Any CPU.Build.0 = Release|Any CPU
		{BE401261-4272-41B4-8121-17674BC6E11E}.Release|ARM.ActiveCfg = Release|Any CPU
		{BE401261-4272-41B4-8121-17674BC6E11E}.Release|ARM.Build.0 = Release|Any CPU
		{BE401261-4272-41B4-8121-17674BC6E11E}.Release|x64.ActiveCfg = Release|Any CPU
		{BE401261-4272-41B4-8121-17674BC6E11E}.Release|x64.Build.0 = Release|Any CPU
		{BE401261-4272-41B4-8121-17674BC6E11E}.Release|x86.ActiveCfg = Release|Any CPU
		{BE401261-4272-41B4-8121-17674BC6E11E}.Release|x86.Build.0 = Release|Any CPU
		{24DDB7BF-F71E-467A-9D93-5B167632C293}.Debug|Any CPU.ActiveCfg = Debug|Any CPU
		{24DDB7BF-F71E-467A-9D93-5B167632C293}.Debug|Any CPU.Build.0 = Debug|Any CPU
		{24DDB7BF-F71E-467A-9D93-5B167632C293}.Debug|ARM.ActiveCfg = Debug|Any CPU
		{24DDB7BF-F71E-467A-9D93-5B167632C293}.Debug|ARM.Build.0 = Debug|Any CPU
		{24DDB7BF-F71E-467A-9D93-5B167632C293}.Debug|x64.ActiveCfg = Debug|Any CPU
		{24DDB7BF-F71E-467A-9D93-5B167632C293}.Debug|x64.Build.0 = Debug|Any CPU
		{24DDB7BF-F71E-467A-9D93-5B167632C293}.Debug|x86.ActiveCfg = Debug|Any CPU
		{24DDB7BF-F71E-467A-9D93-5B167632C293}.Debug|x86.Build.0 = Debug|Any CPU
		{24DDB7BF-F71E-467A-9D93-5B167632C293}.Release|Any CPU.ActiveCfg = Release|Any CPU
		{24DDB7BF-F71E-467A-9D93-5B167632C293}.Release|Any CPU.Build.0 = Release|Any CPU
		{24DDB7BF-F71E-467A-9D93-5B167632C293}.Release|ARM.ActiveCfg = Release|Any CPU
		{24DDB7BF-F71E-467A-9D93-5B167632C293}.Release|ARM.Build.0 = Release|Any CPU
		{24DDB7BF-F71E-467A-9D93-5B167632C293}.Release|x64.ActiveCfg = Release|Any CPU
		{24DDB7BF-F71E-467A-9D93-5B167632C293}.Release|x64.Build.0 = Release|Any CPU
		{24DDB7BF-F71E-467A-9D93-5B167632C293}.Release|x86.ActiveCfg = Release|Any CPU
		{24DDB7BF-F71E-467A-9D93-5B167632C293}.Release|x86.Build.0 = Release|Any CPU
		{6D49DF30-BC63-410A-B7F8-2CC4099060C5}.Debug|Any CPU.ActiveCfg = Debug|Any CPU
		{6D49DF30-BC63-410A-B7F8-2CC4099060C5}.Debug|Any CPU.Build.0 = Debug|Any CPU
		{6D49DF30-BC63-410A-B7F8-2CC4099060C5}.Debug|ARM.ActiveCfg = Debug|Any CPU
		{6D49DF30-BC63-410A-B7F8-2CC4099060C5}.Debug|ARM.Build.0 = Debug|Any CPU
		{6D49DF30-BC63-410A-B7F8-2CC4099060C5}.Debug|x64.ActiveCfg = Debug|Any CPU
		{6D49DF30-BC63-410A-B7F8-2CC4099060C5}.Debug|x64.Build.0 = Debug|Any CPU
		{6D49DF30-BC63-410A-B7F8-2CC4099060C5}.Debug|x86.ActiveCfg = Debug|Any CPU
		{6D49DF30-BC63-410A-B7F8-2CC4099060C5}.Debug|x86.Build.0 = Debug|Any CPU
		{6D49DF30-BC63-410A-B7F8-2CC4099060C5}.Release|Any CPU.ActiveCfg = Release|Any CPU
		{6D49DF30-BC63-410A-B7F8-2CC4099060C5}.Release|Any CPU.Build.0 = Release|Any CPU
		{6D49DF30-BC63-410A-B7F8-2CC4099060C5}.Release|ARM.ActiveCfg = Release|Any CPU
		{6D49DF30-BC63-410A-B7F8-2CC4099060C5}.Release|ARM.Build.0 = Release|Any CPU
		{6D49DF30-BC63-410A-B7F8-2CC4099060C5}.Release|x64.ActiveCfg = Release|Any CPU
		{6D49DF30-BC63-410A-B7F8-2CC4099060C5}.Release|x64.Build.0 = Release|Any CPU
		{6D49DF30-BC63-410A-B7F8-2CC4099060C5}.Release|x86.ActiveCfg = Release|Any CPU
		{6D49DF30-BC63-410A-B7F8-2CC4099060C5}.Release|x86.Build.0 = Release|Any CPU
		{B4721167-D930-4D8E-AB34-3B8BA39DBC45}.Debug|Any CPU.ActiveCfg = Debug|Any CPU
		{B4721167-D930-4D8E-AB34-3B8BA39DBC45}.Debug|Any CPU.Build.0 = Debug|Any CPU
		{B4721167-D930-4D8E-AB34-3B8BA39DBC45}.Debug|ARM.ActiveCfg = Debug|Any CPU
		{B4721167-D930-4D8E-AB34-3B8BA39DBC45}.Debug|ARM.Build.0 = Debug|Any CPU
		{B4721167-D930-4D8E-AB34-3B8BA39DBC45}.Debug|x64.ActiveCfg = Debug|Any CPU
		{B4721167-D930-4D8E-AB34-3B8BA39DBC45}.Debug|x64.Build.0 = Debug|Any CPU
		{B4721167-D930-4D8E-AB34-3B8BA39DBC45}.Debug|x86.ActiveCfg = Debug|Any CPU
		{B4721167-D930-4D8E-AB34-3B8BA39DBC45}.Debug|x86.Build.0 = Debug|Any CPU
		{B4721167-D930-4D8E-AB34-3B8BA39DBC45}.Release|Any CPU.ActiveCfg = Release|Any CPU
		{B4721167-D930-4D8E-AB34-3B8BA39DBC45}.Release|Any CPU.Build.0 = Release|Any CPU
		{B4721167-D930-4D8E-AB34-3B8BA39DBC45}.Release|ARM.ActiveCfg = Release|Any CPU
		{B4721167-D930-4D8E-AB34-3B8BA39DBC45}.Release|ARM.Build.0 = Release|Any CPU
		{B4721167-D930-4D8E-AB34-3B8BA39DBC45}.Release|x64.ActiveCfg = Release|Any CPU
		{B4721167-D930-4D8E-AB34-3B8BA39DBC45}.Release|x64.Build.0 = Release|Any CPU
		{B4721167-D930-4D8E-AB34-3B8BA39DBC45}.Release|x86.ActiveCfg = Release|Any CPU
		{B4721167-D930-4D8E-AB34-3B8BA39DBC45}.Release|x86.Build.0 = Release|Any CPU
		{BDC67FA3-0C5B-4FE6-B85C-C1E72B9C19AA}.Debug|Any CPU.ActiveCfg = Debug|Any CPU
		{BDC67FA3-0C5B-4FE6-B85C-C1E72B9C19AA}.Debug|Any CPU.Build.0 = Debug|Any CPU
		{BDC67FA3-0C5B-4FE6-B85C-C1E72B9C19AA}.Debug|ARM.ActiveCfg = Debug|Any CPU
		{BDC67FA3-0C5B-4FE6-B85C-C1E72B9C19AA}.Debug|ARM.Build.0 = Debug|Any CPU
		{BDC67FA3-0C5B-4FE6-B85C-C1E72B9C19AA}.Debug|x64.ActiveCfg = Debug|Any CPU
		{BDC67FA3-0C5B-4FE6-B85C-C1E72B9C19AA}.Debug|x64.Build.0 = Debug|Any CPU
		{BDC67FA3-0C5B-4FE6-B85C-C1E72B9C19AA}.Debug|x86.ActiveCfg = Debug|Any CPU
		{BDC67FA3-0C5B-4FE6-B85C-C1E72B9C19AA}.Debug|x86.Build.0 = Debug|Any CPU
		{BDC67FA3-0C5B-4FE6-B85C-C1E72B9C19AA}.Release|Any CPU.ActiveCfg = Release|Any CPU
		{BDC67FA3-0C5B-4FE6-B85C-C1E72B9C19AA}.Release|Any CPU.Build.0 = Release|Any CPU
		{BDC67FA3-0C5B-4FE6-B85C-C1E72B9C19AA}.Release|ARM.ActiveCfg = Release|Any CPU
		{BDC67FA3-0C5B-4FE6-B85C-C1E72B9C19AA}.Release|ARM.Build.0 = Release|Any CPU
		{BDC67FA3-0C5B-4FE6-B85C-C1E72B9C19AA}.Release|x64.ActiveCfg = Release|Any CPU
		{BDC67FA3-0C5B-4FE6-B85C-C1E72B9C19AA}.Release|x64.Build.0 = Release|Any CPU
		{BDC67FA3-0C5B-4FE6-B85C-C1E72B9C19AA}.Release|x86.ActiveCfg = Release|Any CPU
		{BDC67FA3-0C5B-4FE6-B85C-C1E72B9C19AA}.Release|x86.Build.0 = Release|Any CPU
		{35888AF6-EFC3-4664-BD07-D2AA82387CAF}.Debug|Any CPU.ActiveCfg = Debug|Any CPU
		{35888AF6-EFC3-4664-BD07-D2AA82387CAF}.Debug|Any CPU.Build.0 = Debug|Any CPU
		{35888AF6-EFC3-4664-BD07-D2AA82387CAF}.Debug|ARM.ActiveCfg = Debug|Any CPU
		{35888AF6-EFC3-4664-BD07-D2AA82387CAF}.Debug|ARM.Build.0 = Debug|Any CPU
		{35888AF6-EFC3-4664-BD07-D2AA82387CAF}.Debug|x64.ActiveCfg = Debug|Any CPU
		{35888AF6-EFC3-4664-BD07-D2AA82387CAF}.Debug|x64.Build.0 = Debug|Any CPU
		{35888AF6-EFC3-4664-BD07-D2AA82387CAF}.Debug|x86.ActiveCfg = Debug|Any CPU
		{35888AF6-EFC3-4664-BD07-D2AA82387CAF}.Debug|x86.Build.0 = Debug|Any CPU
		{35888AF6-EFC3-4664-BD07-D2AA82387CAF}.Release|Any CPU.ActiveCfg = Release|Any CPU
		{35888AF6-EFC3-4664-BD07-D2AA82387CAF}.Release|Any CPU.Build.0 = Release|Any CPU
		{35888AF6-EFC3-4664-BD07-D2AA82387CAF}.Release|ARM.ActiveCfg = Release|Any CPU
		{35888AF6-EFC3-4664-BD07-D2AA82387CAF}.Release|ARM.Build.0 = Release|Any CPU
		{35888AF6-EFC3-4664-BD07-D2AA82387CAF}.Release|x64.ActiveCfg = Release|Any CPU
		{35888AF6-EFC3-4664-BD07-D2AA82387CAF}.Release|x64.Build.0 = Release|Any CPU
		{35888AF6-EFC3-4664-BD07-D2AA82387CAF}.Release|x86.ActiveCfg = Release|Any CPU
		{35888AF6-EFC3-4664-BD07-D2AA82387CAF}.Release|x86.Build.0 = Release|Any CPU
	EndGlobalSection
	GlobalSection(SolutionProperties) = preSolution
		HideSolutionNode = FALSE
	EndGlobalSection
	GlobalSection(NestedProjects) = preSolution
		{BE401261-4272-41B4-8121-17674BC6E11E} = {2E9A7F9D-A388-420D-8ACB-D26B5E610A26}
		{24DDB7BF-F71E-467A-9D93-5B167632C293} = {2E9A7F9D-A388-420D-8ACB-D26B5E610A26}
		{6D49DF30-BC63-410A-B7F8-2CC4099060C5} = {9BABFBE8-E394-413F-9313-977B1E861EDA}
		{B4721167-D930-4D8E-AB34-3B8BA39DBC45} = {9BABFBE8-E394-413F-9313-977B1E861EDA}
		{4164F78C-6A85-4634-9898-6C62B1C83C42} = {CF1D9E9E-86D5-4A22-A11C-1C0F8C17C7AB}
		{BDC67FA3-0C5B-4FE6-B85C-C1E72B9C19AA} = {4164F78C-6A85-4634-9898-6C62B1C83C42}
		{35888AF6-EFC3-4664-BD07-D2AA82387CAF} = {4164F78C-6A85-4634-9898-6C62B1C83C42}
	EndGlobalSection
EndGlobal
